<?xml version="1.0" encoding="UTF-8"?>
<CodeBlocks_project_file>
	<FileVersion major="1" minor="6"/>
	<Project>
		<Option title="tears_engine"/>
		<Option makefile_is_custom="1"/>
		<Option compiler="gcc"/>
		<Option virtualFolders="CMake Files\;CMake Files\vendor\;CMake Files\vendor\glfw\;CMake Files\vendor\glfw\src\;"/>
		<Build>
			<Target title="all">
				<Option working_dir="/home/ahmad/Desktop/Graphics PHHHHHaase2/tears_engine"/>
				<Option type="4"/>
				<MakeCommands>
					<Build command="/usr/bin/make -f &quot;/home/ahmad/Desktop/Graphics\ PHHHHHaase2/tears_engine/Makefile&quot;  VERBOSE=1 all"/>
					<CompileFile command="/usr/bin/make -f &quot;/home/ahmad/Desktop/Graphics\ PHHHHHaase2/tears_engine/Makefile&quot;  VERBOSE=1 &quot;$file&quot;"/>
					<Clean command="/usr/bin/make -f &quot;/home/ahmad/Desktop/Graphics\ PHHHHHaase2/tears_engine/Makefile&quot;  VERBOSE=1 clean"/>
					<DistClean command="/usr/bin/make -f &quot;/home/ahmad/Desktop/Graphics\ PHHHHHaase2/tears_engine/Makefile&quot;  VERBOSE=1 clean"/>
				</MakeCommands>
			</Target>
			<Target title="rebuild_cache">
				<Option working_dir="/home/ahmad/Desktop/Graphics PHHHHHaase2/tears_engine"/>
				<Option type="4"/>
				<MakeCommands>
					<Build command="/usr/bin/make -f &quot;/home/ahmad/Desktop/Graphics\ PHHHHHaase2/tears_engine/Makefile&quot;  VERBOSE=1 rebuild_cache"/>
					<CompileFile command="/usr/bin/make -f &quot;/home/ahmad/Desktop/Graphics\ PHHHHHaase2/tears_engine/Makefile&quot;  VERBOSE=1 &quot;$file&quot;"/>
					<Clean command="/usr/bin/make -f &quot;/home/ahmad/Desktop/Graphics\ PHHHHHaase2/tears_engine/Makefile&quot;  VERBOSE=1 clean"/>
					<DistClean command="/usr/bin/make -f &quot;/home/ahmad/Desktop/Graphics\ PHHHHHaase2/tears_engine/Makefile&quot;  VERBOSE=1 clean"/>
				</MakeCommands>
			</Target>
			<Target title="edit_cache">
				<Option working_dir="/home/ahmad/Desktop/Graphics PHHHHHaase2/tears_engine"/>
				<Option type="4"/>
				<MakeCommands>
					<Build command="/usr/bin/make -f &quot;/home/ahmad/Desktop/Graphics\ PHHHHHaase2/tears_engine/Makefile&quot;  VERBOSE=1 edit_cache"/>
					<CompileFile command="/usr/bin/make -f &quot;/home/ahmad/Desktop/Graphics\ PHHHHHaase2/tears_engine/Makefile&quot;  VERBOSE=1 &quot;$file&quot;"/>
					<Clean command="/usr/bin/make -f &quot;/home/ahmad/Desktop/Graphics\ PHHHHHaase2/tears_engine/Makefile&quot;  VERBOSE=1 clean"/>
					<DistClean command="/usr/bin/make -f &quot;/home/ahmad/Desktop/Graphics\ PHHHHHaase2/tears_engine/Makefile&quot;  VERBOSE=1 clean"/>
				</MakeCommands>
			</Target>
			<Target title="tears_engine">
				<Option output="/home/ahmad/Desktop/Graphics PHHHHHaase2/tears_engine/tears_engine" prefix_auto="0" extension_auto="0"/>
				<Option working_dir="/home/ahmad/Desktop/Graphics PHHHHHaase2/tears_engine"/>
				<Option object_output="./"/>
				<Option type="1"/>
				<Option compiler="gcc"/>
				<Compiler>
					<Add directory="/home/ahmad/Desktop/Graphics PHHHHHaase2/tears_engine/vendor"/>
					<Add directory="/home/ahmad/Desktop/Graphics PHHHHHaase2/tears_engine/vendor/utils/tinyobj"/>
					<Add directory="/home/ahmad/Desktop/Graphics PHHHHHaase2/tears_engine/vendor/glm"/>
					<Add directory="/home/ahmad/Desktop/Graphics PHHHHHaase2/tears_engine/vendor/glfw/include"/>
					<Add directory="/home/ahmad/Desktop/Graphics PHHHHHaase2/tears_engine/vendor/glad/include"/>
				</Compiler>
				<MakeCommands>
					<Build command="/usr/bin/make -f &quot;/home/ahmad/Desktop/Graphics\ PHHHHHaase2/tears_engine/Makefile&quot;  VERBOSE=1 tears_engine"/>
					<CompileFile command="/usr/bin/make -f &quot;/home/ahmad/Desktop/Graphics\ PHHHHHaase2/tears_engine/Makefile&quot;  VERBOSE=1 &quot;$file&quot;"/>
					<Clean command="/usr/bin/make -f &quot;/home/ahmad/Desktop/Graphics\ PHHHHHaase2/tears_engine/Makefile&quot;  VERBOSE=1 clean"/>
					<DistClean command="/usr/bin/make -f &quot;/home/ahmad/Desktop/Graphics\ PHHHHHaase2/tears_engine/Makefile&quot;  VERBOSE=1 clean"/>
				</MakeCommands>
			</Target>
			<Target title="tears_engine/fast">
				<Option output="/home/ahmad/Desktop/Graphics PHHHHHaase2/tears_engine/tears_engine" prefix_auto="0" extension_auto="0"/>
				<Option working_dir="/home/ahmad/Desktop/Graphics PHHHHHaase2/tears_engine"/>
				<Option object_output="./"/>
				<Option type="1"/>
				<Option compiler="gcc"/>
				<Compiler>
					<Add directory="/home/ahmad/Desktop/Graphics PHHHHHaase2/tears_engine/vendor"/>
					<Add directory="/home/ahmad/Desktop/Graphics PHHHHHaase2/tears_engine/vendor/utils/tinyobj"/>
					<Add directory="/home/ahmad/Desktop/Graphics PHHHHHaase2/tears_engine/vendor/glm"/>
					<Add directory="/home/ahmad/Desktop/Graphics PHHHHHaase2/tears_engine/vendor/glfw/include"/>
					<Add directory="/home/ahmad/Desktop/Graphics PHHHHHaase2/tears_engine/vendor/glad/include"/>
				</Compiler>
				<MakeCommands>
					<Build command="/usr/bin/make -f &quot;/home/ahmad/Desktop/Graphics\ PHHHHHaase2/tears_engine/Makefile&quot;  VERBOSE=1 tears_engine/fast"/>
					<CompileFile command="/usr/bin/make -f &quot;/home/ahmad/Desktop/Graphics\ PHHHHHaase2/tears_engine/Makefile&quot;  VERBOSE=1 &quot;$file&quot;"/>
					<Clean command="/usr/bin/make -f &quot;/home/ahmad/Desktop/Graphics\ PHHHHHaase2/tears_engine/Makefile&quot;  VERBOSE=1 clean"/>
					<DistClean command="/usr/bin/make -f &quot;/home/ahmad/Desktop/Graphics\ PHHHHHaase2/tears_engine/Makefile&quot;  VERBOSE=1 clean"/>
				</MakeCommands>
			</Target>
			<Target title="glfw">
				<Option output="/home/ahmad/Desktop/Graphics PHHHHHaase2/tears_engine/vendor/glfw/src/libglfw3.a" prefix_auto="0" extension_auto="0"/>
				<Option working_dir="/home/ahmad/Desktop/Graphics PHHHHHaase2/tears_engine/vendor/glfw/src"/>
				<Option object_output="./"/>
				<Option type="2"/>
				<Option compiler="gcc"/>
				<Compiler>
					<Add option="-D_GLFW_USE_CONFIG_H"/>
					<Add directory="/home/ahmad/Desktop/Graphics PHHHHHaase2/tears_engine/vendor"/>
					<Add directory="/home/ahmad/Desktop/Graphics PHHHHHaase2/tears_engine/vendor/utils/tinyobj"/>
					<Add directory="/home/ahmad/Desktop/Graphics PHHHHHaase2/tears_engine/vendor/glm"/>
					<Add directory="/home/ahmad/Desktop/Graphics PHHHHHaase2/tears_engine/vendor/glfw/include"/>
					<Add directory="/home/ahmad/Desktop/Graphics PHHHHHaase2/tears_engine/vendor/glad/include"/>
					<Add directory="/home/ahmad/Desktop/Graphics PHHHHHaase2/tears_engine/vendor/glfw/src"/>
				</Compiler>
				<MakeCommands>
					<Build command="/usr/bin/make -f &quot;/home/ahmad/Desktop/Graphics\ PHHHHHaase2/tears_engine/vendor/glfw/src/Makefile&quot;  VERBOSE=1 glfw"/>
					<CompileFile command="/usr/bin/make -f &quot;/home/ahmad/Desktop/Graphics\ PHHHHHaase2/tears_engine/vendor/glfw/src/Makefile&quot;  VERBOSE=1 &quot;$file&quot;"/>
					<Clean command="/usr/bin/make -f &quot;/home/ahmad/Desktop/Graphics\ PHHHHHaase2/tears_engine/vendor/glfw/src/Makefile&quot;  VERBOSE=1 clean"/>
					<DistClean command="/usr/bin/make -f &quot;/home/ahmad/Desktop/Graphics\ PHHHHHaase2/tears_engine/vendor/glfw/src/Makefile&quot;  VERBOSE=1 clean"/>
				</MakeCommands>
			</Target>
			<Target title="glfw/fast">
				<Option output="/home/ahmad/Desktop/Graphics PHHHHHaase2/tears_engine/vendor/glfw/src/libglfw3.a" prefix_auto="0" extension_auto="0"/>
				<Option working_dir="/home/ahmad/Desktop/Graphics PHHHHHaase2/tears_engine/vendor/glfw/src"/>
				<Option object_output="./"/>
				<Option type="2"/>
				<Option compiler="gcc"/>
				<Compiler>
					<Add option="-D_GLFW_USE_CONFIG_H"/>
					<Add directory="/home/ahmad/Desktop/Graphics PHHHHHaase2/tears_engine/vendor"/>
					<Add directory="/home/ahmad/Desktop/Graphics PHHHHHaase2/tears_engine/vendor/utils/tinyobj"/>
					<Add directory="/home/ahmad/Desktop/Graphics PHHHHHaase2/tears_engine/vendor/glm"/>
					<Add directory="/home/ahmad/Desktop/Graphics PHHHHHaase2/tears_engine/vendor/glfw/include"/>
					<Add directory="/home/ahmad/Desktop/Graphics PHHHHHaase2/tears_engine/vendor/glad/include"/>
					<Add directory="/home/ahmad/Desktop/Graphics PHHHHHaase2/tears_engine/vendor/glfw/src"/>
				</Compiler>
				<MakeCommands>
					<Build command="/usr/bin/make -f &quot;/home/ahmad/Desktop/Graphics\ PHHHHHaase2/tears_engine/vendor/glfw/src/Makefile&quot;  VERBOSE=1 glfw/fast"/>
					<CompileFile command="/usr/bin/make -f &quot;/home/ahmad/Desktop/Graphics\ PHHHHHaase2/tears_engine/vendor/glfw/src/Makefile&quot;  VERBOSE=1 &quot;$file&quot;"/>
					<Clean command="/usr/bin/make -f &quot;/home/ahmad/Desktop/Graphics\ PHHHHHaase2/tears_engine/vendor/glfw/src/Makefile&quot;  VERBOSE=1 clean"/>
					<DistClean command="/usr/bin/make -f &quot;/home/ahmad/Desktop/Graphics\ PHHHHHaase2/tears_engine/vendor/glfw/src/Makefile&quot;  VERBOSE=1 clean"/>
				</MakeCommands>
			</Target>
		</Build>
		<Unit filename="/home/ahmad/Desktop/Graphics PHHHHHaase2/tears_engine/source/Components/Component.cpp">
			<Option target="tears_engine"/>
		</Unit>
		<Unit filename="/home/ahmad/Desktop/Graphics PHHHHHaase2/tears_engine/source/Components/Component.h">
			<Option target="tears_engine"/>
		</Unit>
		<Unit filename="/home/ahmad/Desktop/Graphics PHHHHHaase2/tears_engine/source/Components/Material.h">
			<Option target="tears_engine"/>
		</Unit>
		<Unit filename="/home/ahmad/Desktop/Graphics PHHHHHaase2/tears_engine/source/Components/MeshRenderer.h">
			<Option target="tears_engine"/>
		</Unit>
		<Unit filename="/home/ahmad/Desktop/Graphics PHHHHHaase2/tears_engine/source/Components/Position.cpp">
			<Option target="tears_engine"/>
		</Unit>
		<Unit filename="/home/ahmad/Desktop/Graphics PHHHHHaase2/tears_engine/source/Components/Position.h">
			<Option target="tears_engine"/>
		</Unit>
		<Unit filename="/home/ahmad/Desktop/Graphics PHHHHHaase2/tears_engine/source/Components/TransformComponent.cpp">
			<Option target="tears_engine"/>
		</Unit>
		<Unit filename="/home/ahmad/Desktop/Graphics PHHHHHaase2/tears_engine/source/Components/TransformComponent.h">
			<Option target="tears_engine"/>
		</Unit>
		<Unit filename="/home/ahmad/Desktop/Graphics PHHHHHaase2/tears_engine/source/Entity/Entity.cpp">
			<Option target="tears_engine"/>
		</Unit>
		<Unit filename="/home/ahmad/Desktop/Graphics PHHHHHaase2/tears_engine/source/Entity/Entity.h">
			<Option target="tears_engine"/>
		</Unit>
		<Unit filename="/home/ahmad/Desktop/Graphics PHHHHHaase2/tears_engine/source/Entity/EntityManager.cpp">
			<Option target="tears_engine"/>
		</Unit>
		<Unit filename="/home/ahmad/Desktop/Graphics PHHHHHaase2/tears_engine/source/Entity/EntityManager.h">
			<Option target="tears_engine"/>
		</Unit>
		<Unit filename="/home/ahmad/Desktop/Graphics PHHHHHaase2/tears_engine/source/Events/Event.cpp">
			<Option target="tears_engine"/>
		</Unit>
		<Unit filename="/home/ahmad/Desktop/Graphics PHHHHHaase2/tears_engine/source/Events/Event.h">
			<Option target="tears_engine"/>
		</Unit>
		<Unit filename="/home/ahmad/Desktop/Graphics PHHHHHaase2/tears_engine/source/Events/EventManager.cpp">
			<Option target="tears_engine"/>
		</Unit>
		<Unit filename="/home/ahmad/Desktop/Graphics PHHHHHaase2/tears_engine/source/Events/EventManager.h">
			<Option target="tears_engine"/>
		</Unit>
		<Unit filename="/home/ahmad/Desktop/Graphics PHHHHHaase2/tears_engine/source/Events/KeyboardEvent.cpp">
			<Option target="tears_engine"/>
		</Unit>
		<Unit filename="/home/ahmad/Desktop/Graphics PHHHHHaase2/tears_engine/source/Events/KeyboardEvent.h">
			<Option target="tears_engine"/>
		</Unit>
		<Unit filename="/home/ahmad/Desktop/Graphics PHHHHHaase2/tears_engine/source/Events/MouseClickEvent.cpp">
			<Option target="tears_engine"/>
		</Unit>
		<Unit filename="/home/ahmad/Desktop/Graphics PHHHHHaase2/tears_engine/source/Events/MouseClickEvent.h">
			<Option target="tears_engine"/>
		</Unit>
		<Unit filename="/home/ahmad/Desktop/Graphics PHHHHHaase2/tears_engine/source/Events/MouseMoveEvent.cpp">
			<Option target="tears_engine"/>
		</Unit>
		<Unit filename="/home/ahmad/Desktop/Graphics PHHHHHaase2/tears_engine/source/Events/MouseMoveEvent.h">
			<Option target="tears_engine"/>
		</Unit>
		<Unit filename="/home/ahmad/Desktop/Graphics PHHHHHaase2/tears_engine/source/GameState.h">
			<Option target="tears_engine"/>
		</Unit>
		<Unit filename="/home/ahmad/Desktop/Graphics PHHHHHaase2/tears_engine/source/GameStateManager.cpp">
			<Option target="tears_engine"/>
		</Unit>
		<Unit filename="/home/ahmad/Desktop/Graphics PHHHHHaase2/tears_engine/source/GameStateManager.h">
			<Option target="tears_engine"/>
		</Unit>
		<Unit filename="/home/ahmad/Desktop/Graphics PHHHHHaase2/tears_engine/source/MenuState.cpp">
			<Option target="tears_engine"/>
		</Unit>
		<Unit filename="/home/ahmad/Desktop/Graphics PHHHHHaase2/tears_engine/source/MenuState.h">
			<Option target="tears_engine"/>
		</Unit>
		<Unit filename="/home/ahmad/Desktop/Graphics PHHHHHaase2/tears_engine/source/PlayState.cpp">
			<Option target="tears_engine"/>
		</Unit>
		<Unit filename="/home/ahmad/Desktop/Graphics PHHHHHaase2/tears_engine/source/PlayState.h">
			<Option target="tears_engine"/>
		</Unit>
		<Unit filename="/home/ahmad/Desktop/Graphics PHHHHHaase2/tears_engine/source/Program.cpp">
			<Option target="tears_engine"/>
		</Unit>
		<Unit filename="/home/ahmad/Desktop/Graphics PHHHHHaase2/tears_engine/source/Program.h">
			<Option target="tears_engine"/>
		</Unit>
		<Unit filename="/home/ahmad/Desktop/Graphics PHHHHHaase2/tears_engine/source/Systems/CameraSystem.cpp">
			<Option target="tears_engine"/>
		</Unit>
		<Unit filename="/home/ahmad/Desktop/Graphics PHHHHHaase2/tears_engine/source/Systems/CameraSystem.hpp">
			<Option target="tears_engine"/>
		</Unit>
		<Unit filename="/home/ahmad/Desktop/Graphics PHHHHHaase2/tears_engine/source/Systems/MovementSystem.cpp">
			<Option target="tears_engine"/>
		</Unit>
		<Unit filename="/home/ahmad/Desktop/Graphics PHHHHHaase2/tears_engine/source/Systems/MovementSystem.h">
			<Option target="tears_engine"/>
		</Unit>
		<Unit filename="/home/ahmad/Desktop/Graphics PHHHHHaase2/tears_engine/source/Systems/ProgramSystem.cpp">
			<Option target="tears_engine"/>
		</Unit>
		<Unit filename="/home/ahmad/Desktop/Graphics PHHHHHaase2/tears_engine/source/Systems/ProgramSystem.h">
			<Option target="tears_engine"/>
		</Unit>
		<Unit filename="/home/ahmad/Desktop/Graphics PHHHHHaase2/tears_engine/source/Systems/RenderSystem.cpp">
			<Option target="tears_engine"/>
		</Unit>
		<Unit filename="/home/ahmad/Desktop/Graphics PHHHHHaase2/tears_engine/source/Systems/RenderSystem.h">
			<Option target="tears_engine"/>
		</Unit>
		<Unit filename="/home/ahmad/Desktop/Graphics PHHHHHaase2/tears_engine/source/Systems/SelectionSystem.cpp">
			<Option target="tears_engine"/>
		</Unit>
		<Unit filename="/home/ahmad/Desktop/Graphics PHHHHHaase2/tears_engine/source/Systems/SelectionSystem.h">
			<Option target="tears_engine"/>
		</Unit>
		<Unit filename="/home/ahmad/Desktop/Graphics PHHHHHaase2/tears_engine/source/Systems/System.cpp">
			<Option target="tears_engine"/>
		</Unit>
		<Unit filename="/home/ahmad/Desktop/Graphics PHHHHHaase2/tears_engine/source/Systems/System.h">
			<Option target="tears_engine"/>
		</Unit>
		<Unit filename="/home/ahmad/Desktop/Graphics PHHHHHaase2/tears_engine/source/Systems/SystemManager.cpp">
			<Option target="tears_engine"/>
		</Unit>
		<Unit filename="/home/ahmad/Desktop/Graphics PHHHHHaase2/tears_engine/source/Systems/SystemManager.h">
			<Option target="tears_engine"/>
		</Unit>
		<Unit filename="/home/ahmad/Desktop/Graphics PHHHHHaase2/tears_engine/source/Systems/TransformSystem.cpp">
			<Option target="tears_engine"/>
		</Unit>
		<Unit filename="/home/ahmad/Desktop/Graphics PHHHHHaase2/tears_engine/source/Systems/TransformSystem.h">
			<Option target="tears_engine"/>
		</Unit>
		<Unit filename="/home/ahmad/Desktop/Graphics PHHHHHaase2/tears_engine/source/camera/camera.hpp">
			<Option target="tears_engine"/>
		</Unit>
		<Unit filename="/home/ahmad/Desktop/Graphics PHHHHHaase2/tears_engine/source/camera/controllers/fly_camera_controller.hpp">
			<Option target="tears_engine"/>
		</Unit>
		<Unit filename="/home/ahmad/Desktop/Graphics PHHHHHaase2/tears_engine/source/camera/controllers/orbit_camera_controller.hpp">
			<Option target="tears_engine"/>
		</Unit>
		<Unit filename="/home/ahmad/Desktop/Graphics PHHHHHaase2/tears_engine/source/common.h">
			<Option target="tears_engine"/>
		</Unit>
		<Unit filename="/home/ahmad/Desktop/Graphics PHHHHHaase2/tears_engine/source/main.cpp">
			<Option target="tears_engine"/>
		</Unit>
		<Unit filename="/home/ahmad/Desktop/Graphics PHHHHHaase2/tears_engine/source/mesh/common-vertex-attributes.hpp">
			<Option target="tears_engine"/>
		</Unit>
		<Unit filename="/home/ahmad/Desktop/Graphics PHHHHHaase2/tears_engine/source/mesh/common-vertex-types.hpp">
			<Option target="tears_engine"/>
		</Unit>
		<Unit filename="/home/ahmad/Desktop/Graphics PHHHHHaase2/tears_engine/source/mesh/mesh-utils.cpp">
			<Option target="tears_engine"/>
		</Unit>
		<Unit filename="/home/ahmad/Desktop/Graphics PHHHHHaase2/tears_engine/source/mesh/mesh-utils.hpp">
			<Option target="tears_engine"/>
		</Unit>
		<Unit filename="/home/ahmad/Desktop/Graphics PHHHHHaase2/tears_engine/source/mesh/vertex-attributes.hpp">
			<Option target="tears_engine"/>
		</Unit>
		<Unit filename="/home/ahmad/Desktop/Graphics PHHHHHaase2/tears_engine/vendor/glad/src/gl.c">
			<Option target="tears_engine"/>
		</Unit>
		<Unit filename="/home/ahmad/Desktop/Graphics PHHHHHaase2/tears_engine/vendor/glfw/include/GLFW/glfw3.h">
			<Option target="glfw"/>
		</Unit>
		<Unit filename="/home/ahmad/Desktop/Graphics PHHHHHaase2/tears_engine/vendor/glfw/include/GLFW/glfw3native.h">
			<Option target="glfw"/>
		</Unit>
		<Unit filename="/home/ahmad/Desktop/Graphics PHHHHHaase2/tears_engine/vendor/glfw/src/context.c">
			<Option target="glfw"/>
		</Unit>
		<Unit filename="/home/ahmad/Desktop/Graphics PHHHHHaase2/tears_engine/vendor/glfw/src/egl_context.c">
			<Option target="glfw"/>
		</Unit>
		<Unit filename="/home/ahmad/Desktop/Graphics PHHHHHaase2/tears_engine/vendor/glfw/src/egl_context.h">
			<Option target="glfw"/>
		</Unit>
		<Unit filename="/home/ahmad/Desktop/Graphics PHHHHHaase2/tears_engine/vendor/glfw/src/glfw_config.h">
			<Option target="glfw"/>
		</Unit>
		<Unit filename="/home/ahmad/Desktop/Graphics PHHHHHaase2/tears_engine/vendor/glfw/src/glx_context.c">
			<Option target="glfw"/>
		</Unit>
		<Unit filename="/home/ahmad/Desktop/Graphics PHHHHHaase2/tears_engine/vendor/glfw/src/glx_context.h">
			<Option target="glfw"/>
		</Unit>
		<Unit filename="/home/ahmad/Desktop/Graphics PHHHHHaase2/tears_engine/vendor/glfw/src/init.c">
			<Option target="glfw"/>
		</Unit>
		<Unit filename="/home/ahmad/Desktop/Graphics PHHHHHaase2/tears_engine/vendor/glfw/src/input.c">
			<Option target="glfw"/>
		</Unit>
		<Unit filename="/home/ahmad/Desktop/Graphics PHHHHHaase2/tears_engine/vendor/glfw/src/internal.h">
			<Option target="glfw"/>
		</Unit>
		<Unit filename="/home/ahmad/Desktop/Graphics PHHHHHaase2/tears_engine/vendor/glfw/src/linux_joystick.c">
			<Option target="glfw"/>
		</Unit>
		<Unit filename="/home/ahmad/Desktop/Graphics PHHHHHaase2/tears_engine/vendor/glfw/src/linux_joystick.h">
			<Option target="glfw"/>
		</Unit>
		<Unit filename="/home/ahmad/Desktop/Graphics PHHHHHaase2/tears_engine/vendor/glfw/src/mappings.h">
			<Option target="glfw"/>
		</Unit>
		<Unit filename="/home/ahmad/Desktop/Graphics PHHHHHaase2/tears_engine/vendor/glfw/src/monitor.c">
			<Option target="glfw"/>
		</Unit>
		<Unit filename="/home/ahmad/Desktop/Graphics PHHHHHaase2/tears_engine/vendor/glfw/src/osmesa_context.c">
			<Option target="glfw"/>
		</Unit>
		<Unit filename="/home/ahmad/Desktop/Graphics PHHHHHaase2/tears_engine/vendor/glfw/src/osmesa_context.h">
			<Option target="glfw"/>
		</Unit>
		<Unit filename="/home/ahmad/Desktop/Graphics PHHHHHaase2/tears_engine/vendor/glfw/src/posix_thread.c">
			<Option target="glfw"/>
		</Unit>
		<Unit filename="/home/ahmad/Desktop/Graphics PHHHHHaase2/tears_engine/vendor/glfw/src/posix_thread.h">
			<Option target="glfw"/>
		</Unit>
		<Unit filename="/home/ahmad/Desktop/Graphics PHHHHHaase2/tears_engine/vendor/glfw/src/posix_time.c">
			<Option target="glfw"/>
		</Unit>
		<Unit filename="/home/ahmad/Desktop/Graphics PHHHHHaase2/tears_engine/vendor/glfw/src/posix_time.h">
			<Option target="glfw"/>
		</Unit>
		<Unit filename="/home/ahmad/Desktop/Graphics PHHHHHaase2/tears_engine/vendor/glfw/src/vulkan.c">
			<Option target="glfw"/>
		</Unit>
		<Unit filename="/home/ahmad/Desktop/Graphics PHHHHHaase2/tears_engine/vendor/glfw/src/window.c">
			<Option target="glfw"/>
		</Unit>
		<Unit filename="/home/ahmad/Desktop/Graphics PHHHHHaase2/tears_engine/vendor/glfw/src/x11_init.c">
			<Option target="glfw"/>
		</Unit>
		<Unit filename="/home/ahmad/Desktop/Graphics PHHHHHaase2/tears_engine/vendor/glfw/src/x11_monitor.c">
			<Option target="glfw"/>
		</Unit>
		<Unit filename="/home/ahmad/Desktop/Graphics PHHHHHaase2/tears_engine/vendor/glfw/src/x11_platform.h">
			<Option target="glfw"/>
		</Unit>
		<Unit filename="/home/ahmad/Desktop/Graphics PHHHHHaase2/tears_engine/vendor/glfw/src/x11_window.c">
			<Option target="glfw"/>
		</Unit>
		<Unit filename="/home/ahmad/Desktop/Graphics PHHHHHaase2/tears_engine/vendor/glfw/src/xkb_unicode.c">
			<Option target="glfw"/>
		</Unit>
		<Unit filename="/home/ahmad/Desktop/Graphics PHHHHHaase2/tears_engine/vendor/glfw/src/xkb_unicode.h">
			<Option target="glfw"/>
		</Unit>
		<Unit filename="/home/ahmad/Desktop/Graphics PHHHHHaase2/tears_engine/CMakeLists.txt">
			<Option virtualFolder="CMake Files\"/>
		</Unit>
		<Unit filename="/home/ahmad/Desktop/Graphics PHHHHHaase2/tears_engine/vendor/glfw/CMakeLists.txt">
			<Option virtualFolder="CMake Files\vendor\glfw\"/>
		</Unit>
		<Unit filename="/home/ahmad/Desktop/Graphics PHHHHHaase2/tears_engine/vendor/glfw/src/CMakeLists.txt">
			<Option virtualFolder="CMake Files\vendor\glfw\src\"/>
		</Unit>
		<Unit filename="/home/ahmad/Desktop/Graphics PHHHHHaase2/tears_engine/vendor/glfw/src/glfw3.pc.in">
			<Option virtualFolder="CMake Files\vendor\glfw\src\"/>
		</Unit>
		<Unit filename="/home/ahmad/Desktop/Graphics PHHHHHaase2/tears_engine/vendor/glfw/src/glfw3Config.cmake.in">
			<Option virtualFolder="CMake Files\vendor\glfw\src\"/>
		</Unit>
		<Unit filename="/home/ahmad/Desktop/Graphics PHHHHHaase2/tears_engine/vendor/glfw/src/glfw_config.h.in">
			<Option virtualFolder="CMake Files\vendor\glfw\src\"/>
		</Unit>
	</Project>
</CodeBlocks_project_file>
